// !$*UTF8*$!
{
	archiveVersion = 1;
	classes = {
	};
	objectVersion = 52;
	objects = {

/* Begin PBXBuildFile section */
		092A677C25CC605A00E8118E /* Window.swift in Sources */ = {isa = PBXBuildFile; fileRef = 092A677B25CC605A00E8118E /* Window.swift */; };
		092A678125CC781400E8118E /* Double+Extensions.swift in Sources */ = {isa = PBXBuildFile; fileRef = 092A678025CC781400E8118E /* Double+Extensions.swift */; };
		092A678725CCB29200E8118E /* NewEditAccountView.swift in Sources */ = {isa = PBXBuildFile; fileRef = 092A678625CCB29200E8118E /* NewEditAccountView.swift */; };
		092F944625D5C46700FB537A /* PersistentStore.swift in Sources */ = {isa = PBXBuildFile; fileRef = 092F944525D5C46700FB537A /* PersistentStore.swift */; };
		095A2BBA25D5BAE00030C585 /* Oak.xcdatamodeld in Sources */ = {isa = PBXBuildFile; fileRef = 095A2BB825D5BAE00030C585 /* Oak.xcdatamodeld */; };
		097CFFD025CCD3E600C2B1C6 /* NewEditAccountViewModel.swift in Sources */ = {isa = PBXBuildFile; fileRef = 097CFFCF25CCD3E600C2B1C6 /* NewEditAccountViewModel.swift */; };
		09AAE5B525CD8C18002054AA /* String+Extensions.swift in Sources */ = {isa = PBXBuildFile; fileRef = 09AAE5B425CD8C18002054AA /* String+Extensions.swift */; };
		09BA752625D0555600891033 /* HOTPCodeView.swift in Sources */ = {isa = PBXBuildFile; fileRef = 09BA752525D0555600891033 /* HOTPCodeView.swift */; };
		09BA752B25D0555E00891033 /* HOTPCodeViewModel.swift in Sources */ = {isa = PBXBuildFile; fileRef = 09BA752A25D0555E00891033 /* HOTPCodeViewModel.swift */; };
		09CFA36025CF45E9003BE427 /* TOTPCodeView.swift in Sources */ = {isa = PBXBuildFile; fileRef = 09CFA35F25CF45E9003BE427 /* TOTPCodeView.swift */; };
		09CFA36825CF45F1003BE427 /* TOTPCodeViewModel.swift in Sources */ = {isa = PBXBuildFile; fileRef = 09CFA36725CF45F1003BE427 /* TOTPCodeViewModel.swift */; };
		09CFA36D25CF461C003BE427 /* CodeViewModel.swift in Sources */ = {isa = PBXBuildFile; fileRef = 09CFA36C25CF461C003BE427 /* CodeViewModel.swift */; };
		FA03411025C9BF7F004752F3 /* AuthenticationViewModel.swift in Sources */ = {isa = PBXBuildFile; fileRef = FA03410F25C9BF7F004752F3 /* AuthenticationViewModel.swift */; };
		FA03411725C9C640004752F3 /* Resolver in Frameworks */ = {isa = PBXBuildFile; productRef = FA03411625C9C640004752F3 /* Resolver */; };
		FA03411C25C9C7BE004752F3 /* Services+Injection.swift in Sources */ = {isa = PBXBuildFile; fileRef = FA03411B25C9C7BE004752F3 /* Services+Injection.swift */; };
		FA03412725C9C8D0004752F3 /* Injection.swift in Sources */ = {isa = PBXBuildFile; fileRef = FA03412625C9C8D0004752F3 /* Injection.swift */; };
		FA03412F25C9C985004752F3 /* ViewModels+Injection.swift in Sources */ = {isa = PBXBuildFile; fileRef = FA03412E25C9C985004752F3 /* ViewModels+Injection.swift */; };
		FA03413D25C9D90A004752F3 /* ScanQRCodeViewModel.swift in Sources */ = {isa = PBXBuildFile; fileRef = FA03413C25C9D90A004752F3 /* ScanQRCodeViewModel.swift */; };
		FA0B7ACD25C8BD7800D8A48B /* SettingsViewModel.swift in Sources */ = {isa = PBXBuildFile; fileRef = FA0B7ACC25C8BD7800D8A48B /* SettingsViewModel.swift */; };
		FA404CBF25CA0733009C215F /* Utils+Injection.swift in Sources */ = {isa = PBXBuildFile; fileRef = FA404CBE25CA0733009C215F /* Utils+Injection.swift */; };
		FA404CC525CA091C009C215F /* UpdatePasswordView.swift in Sources */ = {isa = PBXBuildFile; fileRef = FA404CC425CA091C009C215F /* UpdatePasswordView.swift */; };
		FA404CCD25CA0926009C215F /* UpdatePasswordViewModel.swift in Sources */ = {isa = PBXBuildFile; fileRef = FA404CCC25CA0926009C215F /* UpdatePasswordViewModel.swift */; };
		FA42C67625C63C9C000D597E /* OakApp.swift in Sources */ = {isa = PBXBuildFile; fileRef = FA42C67525C63C9C000D597E /* OakApp.swift */; };
		FA42C67825C63C9C000D597E /* AccountsView.swift in Sources */ = {isa = PBXBuildFile; fileRef = FA42C67725C63C9C000D597E /* AccountsView.swift */; };
		FA42C67A25C63C9D000D597E /* Assets.xcassets in Resources */ = {isa = PBXBuildFile; fileRef = FA42C67925C63C9D000D597E /* Assets.xcassets */; };
		FA42C67D25C63C9D000D597E /* Preview Assets.xcassets in Resources */ = {isa = PBXBuildFile; fileRef = FA42C67C25C63C9D000D597E /* Preview Assets.xcassets */; };
		FA42C68D25C63C9D000D597E /* OakTests.swift in Sources */ = {isa = PBXBuildFile; fileRef = FA42C68C25C63C9D000D597E /* OakTests.swift */; };
		FA42C69825C63C9D000D597E /* OakUITests.swift in Sources */ = {isa = PBXBuildFile; fileRef = FA42C69725C63C9D000D597E /* OakUITests.swift */; };
		FA42C6B225C64919000D597E /* AccountRow.swift in Sources */ = {isa = PBXBuildFile; fileRef = FA42C6B125C64919000D597E /* AccountRow.swift */; };
		FA42C6B725C64A79000D597E /* CircularProgressView.swift in Sources */ = {isa = PBXBuildFile; fileRef = FA42C6B625C64A79000D597E /* CircularProgressView.swift */; };
		FA42C6C725C658A3000D597E /* SettingsView.swift in Sources */ = {isa = PBXBuildFile; fileRef = FA42C6C625C658A3000D597E /* SettingsView.swift */; };
		FA42C6CF25C65B8B000D597E /* ToggableRow.swift in Sources */ = {isa = PBXBuildFile; fileRef = FA42C6CE25C65B8B000D597E /* ToggableRow.swift */; };
		FA42C72425C6EC74000D597E /* Account.swift in Sources */ = {isa = PBXBuildFile; fileRef = FA42C72325C6EC74000D597E /* Account.swift */; };
		FA42C79725C7219A000D597E /* Settings.swift in Sources */ = {isa = PBXBuildFile; fileRef = FA42C79625C7219A000D597E /* Settings.swift */; };
		FA42C7A125C78076000D597E /* KeychainSwift in Frameworks */ = {isa = PBXBuildFile; productRef = FA42C7A025C78076000D597E /* KeychainSwift */; };
		FA87BFF725C78436009C7FF7 /* AccountsViewModel.swift in Sources */ = {isa = PBXBuildFile; fileRef = FA87BFF625C78436009C7FF7 /* AccountsViewModel.swift */; };
		FA87BFFC25C78657009C7FF7 /* AccountRowViewModel.swift in Sources */ = {isa = PBXBuildFile; fileRef = FA87BFFB25C78656009C7FF7 /* AccountRowViewModel.swift */; };
		FA87C00525C87EFD009C7FF7 /* SwiftOTP in Frameworks */ = {isa = PBXBuildFile; productRef = FA87C00425C87EFD009C7FF7 /* SwiftOTP */; };
		FA87C00B25C88446009C7FF7 /* CodeScanner in Frameworks */ = {isa = PBXBuildFile; productRef = FA87C00A25C88446009C7FF7 /* CodeScanner */; };
		FA87C01125C88727009C7FF7 /* ScanQRCodeView.swift in Sources */ = {isa = PBXBuildFile; fileRef = FA87C01025C88727009C7FF7 /* ScanQRCodeView.swift */; };
		FA87C02425C888C0009C7FF7 /* OTPService.swift in Sources */ = {isa = PBXBuildFile; fileRef = FA87C02325C888C0009C7FF7 /* OTPService.swift */; };
		FA87C03025C890C1009C7FF7 /* URL+Extensions.swift in Sources */ = {isa = PBXBuildFile; fileRef = FA87C02F25C890C1009C7FF7 /* URL+Extensions.swift */; };
		FA87C03E25C899F5009C7FF7 /* AccountService.swift in Sources */ = {isa = PBXBuildFile; fileRef = FA87C03D25C899F5009C7FF7 /* AccountService.swift */; };
		FAB8CB0925C8F959001DE486 /* MainView.swift in Sources */ = {isa = PBXBuildFile; fileRef = FAB8CB0825C8F959001DE486 /* MainView.swift */; };
		FAB8CB1525C8FBCA001DE486 /* AuthenticationView.swift in Sources */ = {isa = PBXBuildFile; fileRef = FAB8CB1425C8FBCA001DE486 /* AuthenticationView.swift */; };
		FAB8CB2625C8FE9F001DE486 /* Haptics.swift in Sources */ = {isa = PBXBuildFile; fileRef = FAB8CB2525C8FE9F001DE486 /* Haptics.swift */; };
		FAB8CB2E25C8FF93001DE486 /* Biometrics.swift in Sources */ = {isa = PBXBuildFile; fileRef = FAB8CB2D25C8FF93001DE486 /* Biometrics.swift */; };
		FACB8CF025C9F48600688223 /* MainViewModel.swift in Sources */ = {isa = PBXBuildFile; fileRef = FACB8CEF25C9F48600688223 /* MainViewModel.swift */; };
		FADAE48E25C9E9FD005BC18E /* SetupView.swift in Sources */ = {isa = PBXBuildFile; fileRef = FADAE48D25C9E9FD005BC18E /* SetupView.swift */; };
		FADAE49325C9ECC6005BC18E /* SetupViewModel.swift in Sources */ = {isa = PBXBuildFile; fileRef = FADAE49225C9ECC6005BC18E /* SetupViewModel.swift */; };
		FADAE49825C9ED9A005BC18E /* KeychainService.swift in Sources */ = {isa = PBXBuildFile; fileRef = FADAE49725C9ED9A005BC18E /* KeychainService.swift */; };
/* End PBXBuildFile section */

/* Begin PBXContainerItemProxy section */
		FA42C68925C63C9D000D597E /* PBXContainerItemProxy */ = {
			isa = PBXContainerItemProxy;
			containerPortal = FA42C66A25C63C9C000D597E /* Project object */;
			proxyType = 1;
			remoteGlobalIDString = FA42C67125C63C9C000D597E;
			remoteInfo = Oak;
		};
		FA42C69425C63C9D000D597E /* PBXContainerItemProxy */ = {
			isa = PBXContainerItemProxy;
			containerPortal = FA42C66A25C63C9C000D597E /* Project object */;
			proxyType = 1;
			remoteGlobalIDString = FA42C67125C63C9C000D597E;
			remoteInfo = Oak;
		};
/* End PBXContainerItemProxy section */

/* Begin PBXFileReference section */
		092A677B25CC605A00E8118E /* Window.swift */ = {isa = PBXFileReference; lastKnownFileType = sourcecode.swift; path = Window.swift; sourceTree = "<group>"; };
		092A678025CC781400E8118E /* Double+Extensions.swift */ = {isa = PBXFileReference; lastKnownFileType = sourcecode.swift; path = "Double+Extensions.swift"; sourceTree = "<group>"; };
		092A678625CCB29200E8118E /* NewEditAccountView.swift */ = {isa = PBXFileReference; lastKnownFileType = sourcecode.swift; path = NewEditAccountView.swift; sourceTree = "<group>"; };
		092F944525D5C46700FB537A /* PersistentStore.swift */ = {isa = PBXFileReference; lastKnownFileType = sourcecode.swift; path = PersistentStore.swift; sourceTree = "<group>"; };
		095A2BB925D5BAE00030C585 /* Oak.xcdatamodel */ = {isa = PBXFileReference; lastKnownFileType = wrapper.xcdatamodel; path = Oak.xcdatamodel; sourceTree = "<group>"; };
		097CFFCF25CCD3E600C2B1C6 /* NewEditAccountViewModel.swift */ = {isa = PBXFileReference; lastKnownFileType = sourcecode.swift; path = NewEditAccountViewModel.swift; sourceTree = "<group>"; };
		09AAE5B425CD8C18002054AA /* String+Extensions.swift */ = {isa = PBXFileReference; lastKnownFileType = sourcecode.swift; path = "String+Extensions.swift"; sourceTree = "<group>"; };
		09BA752525D0555600891033 /* HOTPCodeView.swift */ = {isa = PBXFileReference; lastKnownFileType = sourcecode.swift; path = HOTPCodeView.swift; sourceTree = "<group>"; };
		09BA752A25D0555E00891033 /* HOTPCodeViewModel.swift */ = {isa = PBXFileReference; lastKnownFileType = sourcecode.swift; path = HOTPCodeViewModel.swift; sourceTree = "<group>"; };
		09CFA35F25CF45E9003BE427 /* TOTPCodeView.swift */ = {isa = PBXFileReference; lastKnownFileType = sourcecode.swift; path = TOTPCodeView.swift; sourceTree = "<group>"; };
		09CFA36725CF45F1003BE427 /* TOTPCodeViewModel.swift */ = {isa = PBXFileReference; lastKnownFileType = sourcecode.swift; path = TOTPCodeViewModel.swift; sourceTree = "<group>"; };
		09CFA36C25CF461C003BE427 /* CodeViewModel.swift */ = {isa = PBXFileReference; lastKnownFileType = sourcecode.swift; path = CodeViewModel.swift; sourceTree = "<group>"; };
		FA03410F25C9BF7F004752F3 /* AuthenticationViewModel.swift */ = {isa = PBXFileReference; lastKnownFileType = sourcecode.swift; path = AuthenticationViewModel.swift; sourceTree = "<group>"; };
		FA03411B25C9C7BE004752F3 /* Services+Injection.swift */ = {isa = PBXFileReference; lastKnownFileType = sourcecode.swift; path = "Services+Injection.swift"; sourceTree = "<group>"; };
		FA03412625C9C8D0004752F3 /* Injection.swift */ = {isa = PBXFileReference; lastKnownFileType = sourcecode.swift; path = Injection.swift; sourceTree = "<group>"; };
		FA03412E25C9C985004752F3 /* ViewModels+Injection.swift */ = {isa = PBXFileReference; lastKnownFileType = sourcecode.swift; path = "ViewModels+Injection.swift"; sourceTree = "<group>"; };
		FA03413C25C9D90A004752F3 /* ScanQRCodeViewModel.swift */ = {isa = PBXFileReference; lastKnownFileType = sourcecode.swift; path = ScanQRCodeViewModel.swift; sourceTree = "<group>"; };
		FA0B7ACC25C8BD7800D8A48B /* SettingsViewModel.swift */ = {isa = PBXFileReference; lastKnownFileType = sourcecode.swift; path = SettingsViewModel.swift; sourceTree = "<group>"; };
		FA404CBE25CA0733009C215F /* Utils+Injection.swift */ = {isa = PBXFileReference; lastKnownFileType = sourcecode.swift; path = "Utils+Injection.swift"; sourceTree = "<group>"; };
		FA404CC425CA091C009C215F /* UpdatePasswordView.swift */ = {isa = PBXFileReference; lastKnownFileType = sourcecode.swift; path = UpdatePasswordView.swift; sourceTree = "<group>"; };
		FA404CCC25CA0926009C215F /* UpdatePasswordViewModel.swift */ = {isa = PBXFileReference; lastKnownFileType = sourcecode.swift; path = UpdatePasswordViewModel.swift; sourceTree = "<group>"; };
		FA42C67225C63C9C000D597E /* Oak.app */ = {isa = PBXFileReference; explicitFileType = wrapper.application; includeInIndex = 0; path = Oak.app; sourceTree = BUILT_PRODUCTS_DIR; };
		FA42C67525C63C9C000D597E /* OakApp.swift */ = {isa = PBXFileReference; lastKnownFileType = sourcecode.swift; path = OakApp.swift; sourceTree = "<group>"; };
		FA42C67725C63C9C000D597E /* AccountsView.swift */ = {isa = PBXFileReference; lastKnownFileType = sourcecode.swift; path = AccountsView.swift; sourceTree = "<group>"; };
		FA42C67925C63C9D000D597E /* Assets.xcassets */ = {isa = PBXFileReference; lastKnownFileType = folder.assetcatalog; path = Assets.xcassets; sourceTree = "<group>"; };
		FA42C67C25C63C9D000D597E /* Preview Assets.xcassets */ = {isa = PBXFileReference; lastKnownFileType = folder.assetcatalog; path = "Preview Assets.xcassets"; sourceTree = "<group>"; };
		FA42C68325C63C9D000D597E /* Info.plist */ = {isa = PBXFileReference; lastKnownFileType = text.plist.xml; path = Info.plist; sourceTree = "<group>"; };
		FA42C68825C63C9D000D597E /* OakTests.xctest */ = {isa = PBXFileReference; explicitFileType = wrapper.cfbundle; includeInIndex = 0; path = OakTests.xctest; sourceTree = BUILT_PRODUCTS_DIR; };
		FA42C68C25C63C9D000D597E /* OakTests.swift */ = {isa = PBXFileReference; lastKnownFileType = sourcecode.swift; path = OakTests.swift; sourceTree = "<group>"; };
		FA42C68E25C63C9D000D597E /* Info.plist */ = {isa = PBXFileReference; lastKnownFileType = text.plist.xml; path = Info.plist; sourceTree = "<group>"; };
		FA42C69325C63C9D000D597E /* OakUITests.xctest */ = {isa = PBXFileReference; explicitFileType = wrapper.cfbundle; includeInIndex = 0; path = OakUITests.xctest; sourceTree = BUILT_PRODUCTS_DIR; };
		FA42C69725C63C9D000D597E /* OakUITests.swift */ = {isa = PBXFileReference; lastKnownFileType = sourcecode.swift; path = OakUITests.swift; sourceTree = "<group>"; };
		FA42C69925C63C9D000D597E /* Info.plist */ = {isa = PBXFileReference; lastKnownFileType = text.plist.xml; path = Info.plist; sourceTree = "<group>"; };
		FA42C6B125C64919000D597E /* AccountRow.swift */ = {isa = PBXFileReference; lastKnownFileType = sourcecode.swift; path = AccountRow.swift; sourceTree = "<group>"; };
		FA42C6B625C64A79000D597E /* CircularProgressView.swift */ = {isa = PBXFileReference; lastKnownFileType = sourcecode.swift; path = CircularProgressView.swift; sourceTree = "<group>"; };
		FA42C6C625C658A3000D597E /* SettingsView.swift */ = {isa = PBXFileReference; lastKnownFileType = sourcecode.swift; path = SettingsView.swift; sourceTree = "<group>"; };
		FA42C6CE25C65B8B000D597E /* ToggableRow.swift */ = {isa = PBXFileReference; lastKnownFileType = sourcecode.swift; path = ToggableRow.swift; sourceTree = "<group>"; };
		FA42C6E025C665BC000D597E /* Oak.entitlements */ = {isa = PBXFileReference; lastKnownFileType = text.plist.entitlements; path = Oak.entitlements; sourceTree = "<group>"; };
		FA42C72325C6EC74000D597E /* Account.swift */ = {isa = PBXFileReference; lastKnownFileType = sourcecode.swift; path = Account.swift; sourceTree = "<group>"; };
		FA42C79625C7219A000D597E /* Settings.swift */ = {isa = PBXFileReference; lastKnownFileType = sourcecode.swift; path = Settings.swift; sourceTree = "<group>"; };
		FA87BFF625C78436009C7FF7 /* AccountsViewModel.swift */ = {isa = PBXFileReference; lastKnownFileType = sourcecode.swift; path = AccountsViewModel.swift; sourceTree = "<group>"; };
		FA87BFFB25C78656009C7FF7 /* AccountRowViewModel.swift */ = {isa = PBXFileReference; lastKnownFileType = sourcecode.swift; path = AccountRowViewModel.swift; sourceTree = "<group>"; };
		FA87C01025C88727009C7FF7 /* ScanQRCodeView.swift */ = {isa = PBXFileReference; lastKnownFileType = sourcecode.swift; path = ScanQRCodeView.swift; sourceTree = "<group>"; };
		FA87C02325C888C0009C7FF7 /* OTPService.swift */ = {isa = PBXFileReference; lastKnownFileType = sourcecode.swift; path = OTPService.swift; sourceTree = "<group>"; };
		FA87C02F25C890C1009C7FF7 /* URL+Extensions.swift */ = {isa = PBXFileReference; lastKnownFileType = sourcecode.swift; path = "URL+Extensions.swift"; sourceTree = "<group>"; };
		FA87C03D25C899F5009C7FF7 /* AccountService.swift */ = {isa = PBXFileReference; lastKnownFileType = sourcecode.swift; path = AccountService.swift; sourceTree = "<group>"; };
		FAB8CB0825C8F959001DE486 /* MainView.swift */ = {isa = PBXFileReference; lastKnownFileType = sourcecode.swift; path = MainView.swift; sourceTree = "<group>"; };
		FAB8CB1425C8FBCA001DE486 /* AuthenticationView.swift */ = {isa = PBXFileReference; lastKnownFileType = sourcecode.swift; path = AuthenticationView.swift; sourceTree = "<group>"; };
		FAB8CB2525C8FE9F001DE486 /* Haptics.swift */ = {isa = PBXFileReference; lastKnownFileType = sourcecode.swift; path = Haptics.swift; sourceTree = "<group>"; };
		FAB8CB2D25C8FF93001DE486 /* Biometrics.swift */ = {isa = PBXFileReference; lastKnownFileType = sourcecode.swift; path = Biometrics.swift; sourceTree = "<group>"; };
		FACB8CEF25C9F48600688223 /* MainViewModel.swift */ = {isa = PBXFileReference; lastKnownFileType = sourcecode.swift; path = MainViewModel.swift; sourceTree = "<group>"; };
		FADAE48D25C9E9FD005BC18E /* SetupView.swift */ = {isa = PBXFileReference; lastKnownFileType = sourcecode.swift; path = SetupView.swift; sourceTree = "<group>"; };
		FADAE49225C9ECC6005BC18E /* SetupViewModel.swift */ = {isa = PBXFileReference; lastKnownFileType = sourcecode.swift; path = SetupViewModel.swift; sourceTree = "<group>"; };
		FADAE49725C9ED9A005BC18E /* KeychainService.swift */ = {isa = PBXFileReference; lastKnownFileType = sourcecode.swift; path = KeychainService.swift; sourceTree = "<group>"; };
/* End PBXFileReference section */

/* Begin PBXFrameworksBuildPhase section */
		FA42C66F25C63C9C000D597E /* Frameworks */ = {
			isa = PBXFrameworksBuildPhase;
			buildActionMask = 2147483647;
			files = (
				FA03411725C9C640004752F3 /* Resolver in Frameworks */,
				FA87C00B25C88446009C7FF7 /* CodeScanner in Frameworks */,
				FA42C7A125C78076000D597E /* KeychainSwift in Frameworks */,
				FA87C00525C87EFD009C7FF7 /* SwiftOTP in Frameworks */,
			);
			runOnlyForDeploymentPostprocessing = 0;
		};
		FA42C68525C63C9D000D597E /* Frameworks */ = {
			isa = PBXFrameworksBuildPhase;
			buildActionMask = 2147483647;
			files = (
			);
			runOnlyForDeploymentPostprocessing = 0;
		};
		FA42C69025C63C9D000D597E /* Frameworks */ = {
			isa = PBXFrameworksBuildPhase;
			buildActionMask = 2147483647;
			files = (
			);
			runOnlyForDeploymentPostprocessing = 0;
		};
/* End PBXFrameworksBuildPhase section */

/* Begin PBXGroup section */
		092A678525CCB01C00E8118E /* NewEditAccount */ = {
			isa = PBXGroup;
			children = (
				092A678625CCB29200E8118E /* NewEditAccountView.swift */,
				097CFFCF25CCD3E600C2B1C6 /* NewEditAccountViewModel.swift */,
			);
			path = NewEditAccount;
			sourceTree = "<group>";
		};
		095A2BB725D5BABB0030C585 /* Persistence */ = {
			isa = PBXGroup;
			children = (
				095A2BB825D5BAE00030C585 /* Oak.xcdatamodeld */,
				092F944525D5C46700FB537A /* PersistentStore.swift */,
			);
			path = Persistence;
			sourceTree = "<group>";
		};
		09CFA33E25CF4504003BE427 /* AccountRow */ = {
			isa = PBXGroup;
			children = (
				09CFA35E25CF45D6003BE427 /* HOTPCodeView */,
				09CFA35D25CF45C0003BE427 /* TOTPCodeView */,
				FA42C6B125C64919000D597E /* AccountRow.swift */,
				FA87BFFB25C78656009C7FF7 /* AccountRowViewModel.swift */,
				09CFA36C25CF461C003BE427 /* CodeViewModel.swift */,
			);
			path = AccountRow;
			sourceTree = "<group>";
		};
		09CFA35D25CF45C0003BE427 /* TOTPCodeView */ = {
			isa = PBXGroup;
			children = (
				09CFA35F25CF45E9003BE427 /* TOTPCodeView.swift */,
				09CFA36725CF45F1003BE427 /* TOTPCodeViewModel.swift */,
			);
			path = TOTPCodeView;
			sourceTree = "<group>";
		};
		09CFA35E25CF45D6003BE427 /* HOTPCodeView */ = {
			isa = PBXGroup;
			children = (
				09BA752525D0555600891033 /* HOTPCodeView.swift */,
				09BA752A25D0555E00891033 /* HOTPCodeViewModel.swift */,
			);
			path = HOTPCodeView;
			sourceTree = "<group>";
		};
		FA03412525C9C8B3004752F3 /* Injected */ = {
			isa = PBXGroup;
			children = (
				FA03411B25C9C7BE004752F3 /* Services+Injection.swift */,
				FA03412E25C9C985004752F3 /* ViewModels+Injection.swift */,
				FA03412625C9C8D0004752F3 /* Injection.swift */,
				FA404CBE25CA0733009C215F /* Utils+Injection.swift */,
			);
			path = Injected;
			sourceTree = "<group>";
		};
		FA03413B25C9D8E6004752F3 /* ScanCode */ = {
			isa = PBXGroup;
			children = (
				FA87C01025C88727009C7FF7 /* ScanQRCodeView.swift */,
				FA03413C25C9D90A004752F3 /* ScanQRCodeViewModel.swift */,
			);
			path = ScanCode;
			sourceTree = "<group>";
		};
		FA404CC325CA090E009C215F /* UpdatePassword */ = {
			isa = PBXGroup;
			children = (
				FA404CC425CA091C009C215F /* UpdatePasswordView.swift */,
				FA404CCC25CA0926009C215F /* UpdatePasswordViewModel.swift */,
			);
			path = UpdatePassword;
			sourceTree = "<group>";
		};
		FA42C66925C63C9C000D597E = {
			isa = PBXGroup;
			children = (
				FA42C67425C63C9C000D597E /* Oak */,
				FA42C68B25C63C9D000D597E /* OakTests */,
				FA42C69625C63C9D000D597E /* OakUITests */,
				FA42C67325C63C9C000D597E /* Products */,
			);
			sourceTree = "<group>";
		};
		FA42C67325C63C9C000D597E /* Products */ = {
			isa = PBXGroup;
			children = (
				FA42C67225C63C9C000D597E /* Oak.app */,
				FA42C68825C63C9D000D597E /* OakTests.xctest */,
				FA42C69325C63C9D000D597E /* OakUITests.xctest */,
			);
			name = Products;
			sourceTree = "<group>";
		};
		FA42C67425C63C9C000D597E /* Oak */ = {
			isa = PBXGroup;
			children = (
				095A2BB725D5BABB0030C585 /* Persistence */,
				FA03412525C9C8B3004752F3 /* Injected */,
				FAB8CB2425C8FE96001DE486 /* Util */,
				FAB8CAFC25C8F823001DE486 /* Misc */,
				FA87C02E25C890B5009C7FF7 /* Extensions */,
				FA87C02225C88896009C7FF7 /* Services */,
				FA42C72225C6EC51000D597E /* Models */,
				FA42C6A825C64904000D597E /* Views */,
				FA42C67525C63C9C000D597E /* OakApp.swift */,
			);
			path = Oak;
			sourceTree = "<group>";
		};
		FA42C67B25C63C9D000D597E /* Preview Content */ = {
			isa = PBXGroup;
			children = (
				FA42C67C25C63C9D000D597E /* Preview Assets.xcassets */,
			);
			path = "Preview Content";
			sourceTree = "<group>";
		};
		FA42C68B25C63C9D000D597E /* OakTests */ = {
			isa = PBXGroup;
			children = (
				FA42C68C25C63C9D000D597E /* OakTests.swift */,
				FA42C68E25C63C9D000D597E /* Info.plist */,
			);
			path = OakTests;
			sourceTree = "<group>";
		};
		FA42C69625C63C9D000D597E /* OakUITests */ = {
			isa = PBXGroup;
			children = (
				FA42C69725C63C9D000D597E /* OakUITests.swift */,
				FA42C69925C63C9D000D597E /* Info.plist */,
			);
			path = OakUITests;
			sourceTree = "<group>";
		};
		FA42C6A825C64904000D597E /* Views */ = {
			isa = PBXGroup;
			children = (
				092A678525CCB01C00E8118E /* NewEditAccount */,
				FADAE48C25C9E9ED005BC18E /* Setup */,
				FA03413B25C9D8E6004752F3 /* ScanCode */,
				FAB8CB1325C8FBBB001DE486 /* Authentication */,
				FAB8CB0725C8F950001DE486 /* Main */,
				FAB8CB0625C8F856001DE486 /* Accounts */,
				FA87C00F25C88715009C7FF7 /* Shared */,
				FA42C6C525C65894000D597E /* Settings */,
			);
			path = Views;
			sourceTree = "<group>";
		};
		FA42C6C525C65894000D597E /* Settings */ = {
			isa = PBXGroup;
			children = (
				FA404CC325CA090E009C215F /* UpdatePassword */,
				FA42C6C625C658A3000D597E /* SettingsView.swift */,
				FA0B7ACC25C8BD7800D8A48B /* SettingsViewModel.swift */,
			);
			path = Settings;
			sourceTree = "<group>";
		};
		FA42C72225C6EC51000D597E /* Models */ = {
			isa = PBXGroup;
			children = (
				FA42C72325C6EC74000D597E /* Account.swift */,
			);
			path = Models;
			sourceTree = "<group>";
		};
		FA87C00F25C88715009C7FF7 /* Shared */ = {
			isa = PBXGroup;
			children = (
				09CFA33E25CF4504003BE427 /* AccountRow */,
				FA42C6B625C64A79000D597E /* CircularProgressView.swift */,
				FA42C6CE25C65B8B000D597E /* ToggableRow.swift */,
			);
			path = Shared;
			sourceTree = "<group>";
		};
		FA87C02225C88896009C7FF7 /* Services */ = {
			isa = PBXGroup;
			children = (
				FA87C02325C888C0009C7FF7 /* OTPService.swift */,
				FA87C03D25C899F5009C7FF7 /* AccountService.swift */,
				FADAE49725C9ED9A005BC18E /* KeychainService.swift */,
			);
			path = Services;
			sourceTree = "<group>";
		};
		FA87C02E25C890B5009C7FF7 /* Extensions */ = {
			isa = PBXGroup;
			children = (
				FA87C02F25C890C1009C7FF7 /* URL+Extensions.swift */,
				092A678025CC781400E8118E /* Double+Extensions.swift */,
				09AAE5B425CD8C18002054AA /* String+Extensions.swift */,
			);
			path = Extensions;
			sourceTree = "<group>";
		};
		FAB8CAFC25C8F823001DE486 /* Misc */ = {
			isa = PBXGroup;
			children = (
				FA42C67B25C63C9D000D597E /* Preview Content */,
				FA42C68325C63C9D000D597E /* Info.plist */,
				FA42C67925C63C9D000D597E /* Assets.xcassets */,
				FA42C6E025C665BC000D597E /* Oak.entitlements */,
			);
			path = Misc;
			sourceTree = "<group>";
		};
		FAB8CB0625C8F856001DE486 /* Accounts */ = {
			isa = PBXGroup;
			children = (
				FA87BFF625C78436009C7FF7 /* AccountsViewModel.swift */,
				FA42C67725C63C9C000D597E /* AccountsView.swift */,
			);
			path = Accounts;
			sourceTree = "<group>";
		};
		FAB8CB0725C8F950001DE486 /* Main */ = {
			isa = PBXGroup;
			children = (
				FAB8CB0825C8F959001DE486 /* MainView.swift */,
				FACB8CEF25C9F48600688223 /* MainViewModel.swift */,
			);
			path = Main;
			sourceTree = "<group>";
		};
		FAB8CB1325C8FBBB001DE486 /* Authentication */ = {
			isa = PBXGroup;
			children = (
				FAB8CB1425C8FBCA001DE486 /* AuthenticationView.swift */,
				FA03410F25C9BF7F004752F3 /* AuthenticationViewModel.swift */,
			);
			path = Authentication;
			sourceTree = "<group>";
		};
		FAB8CB2425C8FE96001DE486 /* Util */ = {
			isa = PBXGroup;
			children = (
				FA42C79625C7219A000D597E /* Settings.swift */,
				FAB8CB2525C8FE9F001DE486 /* Haptics.swift */,
				FAB8CB2D25C8FF93001DE486 /* Biometrics.swift */,
				092A677B25CC605A00E8118E /* Window.swift */,
			);
			path = Util;
			sourceTree = "<group>";
		};
		FADAE48C25C9E9ED005BC18E /* Setup */ = {
			isa = PBXGroup;
			children = (
				FADAE48D25C9E9FD005BC18E /* SetupView.swift */,
				FADAE49225C9ECC6005BC18E /* SetupViewModel.swift */,
			);
			path = Setup;
			sourceTree = "<group>";
		};
/* End PBXGroup section */

/* Begin PBXNativeTarget section */
		FA42C67125C63C9C000D597E /* Oak */ = {
			isa = PBXNativeTarget;
			buildConfigurationList = FA42C69C25C63C9D000D597E /* Build configuration list for PBXNativeTarget "Oak" */;
			buildPhases = (
				FA42C66E25C63C9C000D597E /* Sources */,
				FA42C66F25C63C9C000D597E /* Frameworks */,
				FA42C67025C63C9C000D597E /* Resources */,
			);
			buildRules = (
			);
			dependencies = (
			);
			name = Oak;
			packageProductDependencies = (
				FA42C7A025C78076000D597E /* KeychainSwift */,
				FA87C00425C87EFD009C7FF7 /* SwiftOTP */,
				FA87C00A25C88446009C7FF7 /* CodeScanner */,
				FA03411625C9C640004752F3 /* Resolver */,
			);
			productName = Oak;
			productReference = FA42C67225C63C9C000D597E /* Oak.app */;
			productType = "com.apple.product-type.application";
		};
		FA42C68725C63C9D000D597E /* OakTests */ = {
			isa = PBXNativeTarget;
			buildConfigurationList = FA42C69F25C63C9D000D597E /* Build configuration list for PBXNativeTarget "OakTests" */;
			buildPhases = (
				FA42C68425C63C9D000D597E /* Sources */,
				FA42C68525C63C9D000D597E /* Frameworks */,
				FA42C68625C63C9D000D597E /* Resources */,
			);
			buildRules = (
			);
			dependencies = (
				FA42C68A25C63C9D000D597E /* PBXTargetDependency */,
			);
			name = OakTests;
			productName = OakTests;
			productReference = FA42C68825C63C9D000D597E /* OakTests.xctest */;
			productType = "com.apple.product-type.bundle.unit-test";
		};
		FA42C69225C63C9D000D597E /* OakUITests */ = {
			isa = PBXNativeTarget;
			buildConfigurationList = FA42C6A225C63C9D000D597E /* Build configuration list for PBXNativeTarget "OakUITests" */;
			buildPhases = (
				FA42C68F25C63C9D000D597E /* Sources */,
				FA42C69025C63C9D000D597E /* Frameworks */,
				FA42C69125C63C9D000D597E /* Resources */,
			);
			buildRules = (
			);
			dependencies = (
				FA42C69525C63C9D000D597E /* PBXTargetDependency */,
			);
			name = OakUITests;
			productName = OakUITests;
			productReference = FA42C69325C63C9D000D597E /* OakUITests.xctest */;
			productType = "com.apple.product-type.bundle.ui-testing";
		};
/* End PBXNativeTarget section */

/* Begin PBXProject section */
		FA42C66A25C63C9C000D597E /* Project object */ = {
			isa = PBXProject;
			attributes = {
				LastSwiftUpdateCheck = 1230;
				LastUpgradeCheck = 1230;
				TargetAttributes = {
					FA42C67125C63C9C000D597E = {
						CreatedOnToolsVersion = 12.3;
					};
					FA42C68725C63C9D000D597E = {
						CreatedOnToolsVersion = 12.3;
						TestTargetID = FA42C67125C63C9C000D597E;
					};
					FA42C69225C63C9D000D597E = {
						CreatedOnToolsVersion = 12.3;
						TestTargetID = FA42C67125C63C9C000D597E;
					};
				};
			};
			buildConfigurationList = FA42C66D25C63C9C000D597E /* Build configuration list for PBXProject "Oak" */;
			compatibilityVersion = "Xcode 9.3";
			developmentRegion = en;
			hasScannedForEncodings = 0;
			knownRegions = (
				en,
				Base,
			);
			mainGroup = FA42C66925C63C9C000D597E;
			packageReferences = (
				FA42C79F25C78076000D597E /* XCRemoteSwiftPackageReference "keychain-swift" */,
				FA87C00325C87EFD009C7FF7 /* XCRemoteSwiftPackageReference "SwiftOTP" */,
				FA87C00925C88446009C7FF7 /* XCRemoteSwiftPackageReference "CodeScanner" */,
				FA03411525C9C640004752F3 /* XCRemoteSwiftPackageReference "Resolver" */,
			);
			productRefGroup = FA42C67325C63C9C000D597E /* Products */;
			projectDirPath = "";
			projectRoot = "";
			targets = (
				FA42C67125C63C9C000D597E /* Oak */,
				FA42C68725C63C9D000D597E /* OakTests */,
				FA42C69225C63C9D000D597E /* OakUITests */,
			);
		};
/* End PBXProject section */

/* Begin PBXResourcesBuildPhase section */
		FA42C67025C63C9C000D597E /* Resources */ = {
			isa = PBXResourcesBuildPhase;
			buildActionMask = 2147483647;
			files = (
				FA42C67D25C63C9D000D597E /* Preview Assets.xcassets in Resources */,
				FA42C67A25C63C9D000D597E /* Assets.xcassets in Resources */,
			);
			runOnlyForDeploymentPostprocessing = 0;
		};
		FA42C68625C63C9D000D597E /* Resources */ = {
			isa = PBXResourcesBuildPhase;
			buildActionMask = 2147483647;
			files = (
			);
			runOnlyForDeploymentPostprocessing = 0;
		};
		FA42C69125C63C9D000D597E /* Resources */ = {
			isa = PBXResourcesBuildPhase;
			buildActionMask = 2147483647;
			files = (
			);
			runOnlyForDeploymentPostprocessing = 0;
		};
/* End PBXResourcesBuildPhase section */

/* Begin PBXSourcesBuildPhase section */
		FA42C66E25C63C9C000D597E /* Sources */ = {
			isa = PBXSourcesBuildPhase;
			buildActionMask = 2147483647;
			files = (
				092A678125CC781400E8118E /* Double+Extensions.swift in Sources */,
				09BA752B25D0555E00891033 /* HOTPCodeViewModel.swift in Sources */,
				FAB8CB2625C8FE9F001DE486 /* Haptics.swift in Sources */,
				092F944625D5C46700FB537A /* PersistentStore.swift in Sources */,
				FA42C6B225C64919000D597E /* AccountRow.swift in Sources */,
				097CFFD025CCD3E600C2B1C6 /* NewEditAccountViewModel.swift in Sources */,
				FA42C6CF25C65B8B000D597E /* ToggableRow.swift in Sources */,
				FA42C67825C63C9C000D597E /* AccountsView.swift in Sources */,
				FA87C01125C88727009C7FF7 /* ScanQRCodeView.swift in Sources */,
				FA87BFFC25C78657009C7FF7 /* AccountRowViewModel.swift in Sources */,
				FAB8CB0925C8F959001DE486 /* MainView.swift in Sources */,
				FA42C72425C6EC74000D597E /* Account.swift in Sources */,
				09BA752625D0555600891033 /* HOTPCodeView.swift in Sources */,
				09CFA36025CF45E9003BE427 /* TOTPCodeView.swift in Sources */,
				FA03411025C9BF7F004752F3 /* AuthenticationViewModel.swift in Sources */,
				FA42C6C725C658A3000D597E /* SettingsView.swift in Sources */,
				092A677C25CC605A00E8118E /* Window.swift in Sources */,
				092A678725CCB29200E8118E /* NewEditAccountView.swift in Sources */,
				095A2BBA25D5BAE00030C585 /* Oak.xcdatamodeld in Sources */,
				FA03412F25C9C985004752F3 /* ViewModels+Injection.swift in Sources */,
				FA03413D25C9D90A004752F3 /* ScanQRCodeViewModel.swift in Sources */,
				FADAE49825C9ED9A005BC18E /* KeychainService.swift in Sources */,
				FA42C6B725C64A79000D597E /* CircularProgressView.swift in Sources */,
				09AAE5B525CD8C18002054AA /* String+Extensions.swift in Sources */,
				FA404CC525CA091C009C215F /* UpdatePasswordView.swift in Sources */,
				FA03412725C9C8D0004752F3 /* Injection.swift in Sources */,
				FA404CCD25CA0926009C215F /* UpdatePasswordViewModel.swift in Sources */,
				FA87C03E25C899F5009C7FF7 /* AccountService.swift in Sources */,
				FA03411C25C9C7BE004752F3 /* Services+Injection.swift in Sources */,
				FADAE49325C9ECC6005BC18E /* SetupViewModel.swift in Sources */,
				FA404CBF25CA0733009C215F /* Utils+Injection.swift in Sources */,
				FA42C79725C7219A000D597E /* Settings.swift in Sources */,
				FAB8CB2E25C8FF93001DE486 /* Biometrics.swift in Sources */,
				09CFA36D25CF461C003BE427 /* CodeViewModel.swift in Sources */,
				09CFA36825CF45F1003BE427 /* TOTPCodeViewModel.swift in Sources */,
				FA87BFF725C78436009C7FF7 /* AccountsViewModel.swift in Sources */,
				FAB8CB1525C8FBCA001DE486 /* AuthenticationView.swift in Sources */,
				FA42C67625C63C9C000D597E /* OakApp.swift in Sources */,
				FA87C03025C890C1009C7FF7 /* URL+Extensions.swift in Sources */,
				FA87C02425C888C0009C7FF7 /* OTPService.swift in Sources */,
				FADAE48E25C9E9FD005BC18E /* SetupView.swift in Sources */,
				FA0B7ACD25C8BD7800D8A48B /* SettingsViewModel.swift in Sources */,
				FACB8CF025C9F48600688223 /* MainViewModel.swift in Sources */,
			);
			runOnlyForDeploymentPostprocessing = 0;
		};
		FA42C68425C63C9D000D597E /* Sources */ = {
			isa = PBXSourcesBuildPhase;
			buildActionMask = 2147483647;
			files = (
				FA42C68D25C63C9D000D597E /* OakTests.swift in Sources */,
			);
			runOnlyForDeploymentPostprocessing = 0;
		};
		FA42C68F25C63C9D000D597E /* Sources */ = {
			isa = PBXSourcesBuildPhase;
			buildActionMask = 2147483647;
			files = (
				FA42C69825C63C9D000D597E /* OakUITests.swift in Sources */,
			);
			runOnlyForDeploymentPostprocessing = 0;
		};
/* End PBXSourcesBuildPhase section */

/* Begin PBXTargetDependency section */
		FA42C68A25C63C9D000D597E /* PBXTargetDependency */ = {
			isa = PBXTargetDependency;
			target = FA42C67125C63C9C000D597E /* Oak */;
			targetProxy = FA42C68925C63C9D000D597E /* PBXContainerItemProxy */;
		};
		FA42C69525C63C9D000D597E /* PBXTargetDependency */ = {
			isa = PBXTargetDependency;
			target = FA42C67125C63C9C000D597E /* Oak */;
			targetProxy = FA42C69425C63C9D000D597E /* PBXContainerItemProxy */;
		};
/* End PBXTargetDependency section */

/* Begin XCBuildConfiguration section */
		FA42C69A25C63C9D000D597E /* Debug */ = {
			isa = XCBuildConfiguration;
			buildSettings = {
				ALWAYS_SEARCH_USER_PATHS = NO;
				CLANG_ANALYZER_NONNULL = YES;
				CLANG_ANALYZER_NUMBER_OBJECT_CONVERSION = YES_AGGRESSIVE;
				CLANG_CXX_LANGUAGE_STANDARD = "gnu++14";
				CLANG_CXX_LIBRARY = "libc++";
				CLANG_ENABLE_MODULES = YES;
				CLANG_ENABLE_OBJC_ARC = YES;
				CLANG_ENABLE_OBJC_WEAK = YES;
				CLANG_WARN_BLOCK_CAPTURE_AUTORELEASING = YES;
				CLANG_WARN_BOOL_CONVERSION = YES;
				CLANG_WARN_COMMA = YES;
				CLANG_WARN_CONSTANT_CONVERSION = YES;
				CLANG_WARN_DEPRECATED_OBJC_IMPLEMENTATIONS = YES;
				CLANG_WARN_DIRECT_OBJC_ISA_USAGE = YES_ERROR;
				CLANG_WARN_DOCUMENTATION_COMMENTS = YES;
				CLANG_WARN_EMPTY_BODY = YES;
				CLANG_WARN_ENUM_CONVERSION = YES;
				CLANG_WARN_INFINITE_RECURSION = YES;
				CLANG_WARN_INT_CONVERSION = YES;
				CLANG_WARN_NON_LITERAL_NULL_CONVERSION = YES;
				CLANG_WARN_OBJC_IMPLICIT_RETAIN_SELF = YES;
				CLANG_WARN_OBJC_LITERAL_CONVERSION = YES;
				CLANG_WARN_OBJC_ROOT_CLASS = YES_ERROR;
				CLANG_WARN_QUOTED_INCLUDE_IN_FRAMEWORK_HEADER = YES;
				CLANG_WARN_RANGE_LOOP_ANALYSIS = YES;
				CLANG_WARN_STRICT_PROTOTYPES = YES;
				CLANG_WARN_SUSPICIOUS_MOVE = YES;
				CLANG_WARN_UNGUARDED_AVAILABILITY = YES_AGGRESSIVE;
				CLANG_WARN_UNREACHABLE_CODE = YES;
				CLANG_WARN__DUPLICATE_METHOD_MATCH = YES;
				COPY_PHASE_STRIP = NO;
				DEBUG_INFORMATION_FORMAT = dwarf;
				ENABLE_STRICT_OBJC_MSGSEND = YES;
				ENABLE_TESTABILITY = YES;
				GCC_C_LANGUAGE_STANDARD = gnu11;
				GCC_DYNAMIC_NO_PIC = NO;
				GCC_NO_COMMON_BLOCKS = YES;
				GCC_OPTIMIZATION_LEVEL = 0;
				GCC_PREPROCESSOR_DEFINITIONS = (
					"DEBUG=1",
					"$(inherited)",
				);
				GCC_WARN_64_TO_32_BIT_CONVERSION = YES;
				GCC_WARN_ABOUT_RETURN_TYPE = YES_ERROR;
				GCC_WARN_UNDECLARED_SELECTOR = YES;
				GCC_WARN_UNINITIALIZED_AUTOS = YES_AGGRESSIVE;
				GCC_WARN_UNUSED_FUNCTION = YES;
				GCC_WARN_UNUSED_VARIABLE = YES;
				IPHONEOS_DEPLOYMENT_TARGET = 14.3;
				MTL_ENABLE_DEBUG_INFO = INCLUDE_SOURCE;
				MTL_FAST_MATH = YES;
				ONLY_ACTIVE_ARCH = YES;
				SDKROOT = iphoneos;
				SWIFT_ACTIVE_COMPILATION_CONDITIONS = DEBUG;
				SWIFT_OPTIMIZATION_LEVEL = "-Onone";
			};
			name = Debug;
		};
		FA42C69B25C63C9D000D597E /* Release */ = {
			isa = XCBuildConfiguration;
			buildSettings = {
				ALWAYS_SEARCH_USER_PATHS = NO;
				CLANG_ANALYZER_NONNULL = YES;
				CLANG_ANALYZER_NUMBER_OBJECT_CONVERSION = YES_AGGRESSIVE;
				CLANG_CXX_LANGUAGE_STANDARD = "gnu++14";
				CLANG_CXX_LIBRARY = "libc++";
				CLANG_ENABLE_MODULES = YES;
				CLANG_ENABLE_OBJC_ARC = YES;
				CLANG_ENABLE_OBJC_WEAK = YES;
				CLANG_WARN_BLOCK_CAPTURE_AUTORELEASING = YES;
				CLANG_WARN_BOOL_CONVERSION = YES;
				CLANG_WARN_COMMA = YES;
				CLANG_WARN_CONSTANT_CONVERSION = YES;
				CLANG_WARN_DEPRECATED_OBJC_IMPLEMENTATIONS = YES;
				CLANG_WARN_DIRECT_OBJC_ISA_USAGE = YES_ERROR;
				CLANG_WARN_DOCUMENTATION_COMMENTS = YES;
				CLANG_WARN_EMPTY_BODY = YES;
				CLANG_WARN_ENUM_CONVERSION = YES;
				CLANG_WARN_INFINITE_RECURSION = YES;
				CLANG_WARN_INT_CONVERSION = YES;
				CLANG_WARN_NON_LITERAL_NULL_CONVERSION = YES;
				CLANG_WARN_OBJC_IMPLICIT_RETAIN_SELF = YES;
				CLANG_WARN_OBJC_LITERAL_CONVERSION = YES;
				CLANG_WARN_OBJC_ROOT_CLASS = YES_ERROR;
				CLANG_WARN_QUOTED_INCLUDE_IN_FRAMEWORK_HEADER = YES;
				CLANG_WARN_RANGE_LOOP_ANALYSIS = YES;
				CLANG_WARN_STRICT_PROTOTYPES = YES;
				CLANG_WARN_SUSPICIOUS_MOVE = YES;
				CLANG_WARN_UNGUARDED_AVAILABILITY = YES_AGGRESSIVE;
				CLANG_WARN_UNREACHABLE_CODE = YES;
				CLANG_WARN__DUPLICATE_METHOD_MATCH = YES;
				COPY_PHASE_STRIP = NO;
				DEBUG_INFORMATION_FORMAT = "dwarf-with-dsym";
				ENABLE_NS_ASSERTIONS = NO;
				ENABLE_STRICT_OBJC_MSGSEND = YES;
				GCC_C_LANGUAGE_STANDARD = gnu11;
				GCC_NO_COMMON_BLOCKS = YES;
				GCC_WARN_64_TO_32_BIT_CONVERSION = YES;
				GCC_WARN_ABOUT_RETURN_TYPE = YES_ERROR;
				GCC_WARN_UNDECLARED_SELECTOR = YES;
				GCC_WARN_UNINITIALIZED_AUTOS = YES_AGGRESSIVE;
				GCC_WARN_UNUSED_FUNCTION = YES;
				GCC_WARN_UNUSED_VARIABLE = YES;
				IPHONEOS_DEPLOYMENT_TARGET = 14.3;
				MTL_ENABLE_DEBUG_INFO = NO;
				MTL_FAST_MATH = YES;
				SDKROOT = iphoneos;
				SWIFT_COMPILATION_MODE = wholemodule;
				SWIFT_OPTIMIZATION_LEVEL = "-O";
				VALIDATE_PRODUCT = YES;
			};
			name = Release;
		};
		FA42C69D25C63C9D000D597E /* Debug */ = {
			isa = XCBuildConfiguration;
			buildSettings = {
				ASSETCATALOG_COMPILER_APPICON_NAME = AppIcon;
				ASSETCATALOG_COMPILER_GLOBAL_ACCENT_COLOR_NAME = AccentColor;
				CODE_SIGN_ENTITLEMENTS = Oak/Misc/Oak.entitlements;
				CODE_SIGN_STYLE = Automatic;
				DEVELOPMENT_ASSET_PATHS = "\"Oak/Misc/Preview Content\"";
				DEVELOPMENT_TEAM = 7NWLJ33LJ5;
				ENABLE_PREVIEWS = YES;
				INFOPLIST_FILE = Oak/Misc/Info.plist;
				IPHONEOS_DEPLOYMENT_TARGET = 14.0;
				LD_RUNPATH_SEARCH_PATHS = (
					"$(inherited)",
					"@executable_path/Frameworks",
				);
				PRODUCT_BUNDLE_IDENTIFIER = sh.catch.Oak;
				PRODUCT_NAME = "$(TARGET_NAME)";
				SUPPORTS_MACCATALYST = NO;
				SWIFT_VERSION = 5.0;
				TARGETED_DEVICE_FAMILY = "1,2";
			};
			name = Debug;
		};
		FA42C69E25C63C9D000D597E /* Release */ = {
			isa = XCBuildConfiguration;
			buildSettings = {
				ASSETCATALOG_COMPILER_APPICON_NAME = AppIcon;
				ASSETCATALOG_COMPILER_GLOBAL_ACCENT_COLOR_NAME = AccentColor;
				CODE_SIGN_ENTITLEMENTS = Oak/Misc/Oak.entitlements;
				CODE_SIGN_STYLE = Automatic;
				DEVELOPMENT_ASSET_PATHS = "\"Oak/Misc/Preview Content\"";
				DEVELOPMENT_TEAM = 7NWLJ33LJ5;
				ENABLE_PREVIEWS = YES;
				INFOPLIST_FILE = Oak/Misc/Info.plist;
				IPHONEOS_DEPLOYMENT_TARGET = 14.0;
				LD_RUNPATH_SEARCH_PATHS = (
					"$(inherited)",
					"@executable_path/Frameworks",
				);
				PRODUCT_BUNDLE_IDENTIFIER = sh.catch.Oak;
				PRODUCT_NAME = "$(TARGET_NAME)";
				SUPPORTS_MACCATALYST = NO;
				SWIFT_VERSION = 5.0;
				TARGETED_DEVICE_FAMILY = "1,2";
			};
			name = Release;
		};
		FA42C6A025C63C9D000D597E /* Debug */ = {
			isa = XCBuildConfiguration;
			buildSettings = {
				ALWAYS_EMBED_SWIFT_STANDARD_LIBRARIES = YES;
				BUNDLE_LOADER = "$(TEST_HOST)";
				CODE_SIGN_STYLE = Automatic;
				DEVELOPMENT_TEAM = 7NWLJ33LJ5;
				INFOPLIST_FILE = OakTests/Info.plist;
				IPHONEOS_DEPLOYMENT_TARGET = 14.0;
				LD_RUNPATH_SEARCH_PATHS = (
					"$(inherited)",
					"@executable_path/Frameworks",
					"@loader_path/Frameworks",
				);
				PRODUCT_BUNDLE_IDENTIFIER = sh.catch.OakTests;
				PRODUCT_NAME = "$(TARGET_NAME)";
				SWIFT_VERSION = 5.0;
				TARGETED_DEVICE_FAMILY = "1,2";
				TEST_HOST = "$(BUILT_PRODUCTS_DIR)/Oak.app/Oak";
			};
			name = Debug;
		};
		FA42C6A125C63C9D000D597E /* Release */ = {
			isa = XCBuildConfiguration;
			buildSettings = {
				ALWAYS_EMBED_SWIFT_STANDARD_LIBRARIES = YES;
				BUNDLE_LOADER = "$(TEST_HOST)";
				CODE_SIGN_STYLE = Automatic;
				DEVELOPMENT_TEAM = 7NWLJ33LJ5;
				INFOPLIST_FILE = OakTests/Info.plist;
				IPHONEOS_DEPLOYMENT_TARGET = 14.0;
				LD_RUNPATH_SEARCH_PATHS = (
					"$(inherited)",
					"@executable_path/Frameworks",
					"@loader_path/Frameworks",
				);
				PRODUCT_BUNDLE_IDENTIFIER = sh.catch.OakTests;
				PRODUCT_NAME = "$(TARGET_NAME)";
				SWIFT_VERSION = 5.0;
				TARGETED_DEVICE_FAMILY = "1,2";
				TEST_HOST = "$(BUILT_PRODUCTS_DIR)/Oak.app/Oak";
			};
			name = Release;
		};
		FA42C6A325C63C9D000D597E /* Debug */ = {
			isa = XCBuildConfiguration;
			buildSettings = {
				ALWAYS_EMBED_SWIFT_STANDARD_LIBRARIES = YES;
				CODE_SIGN_STYLE = Automatic;
				DEVELOPMENT_TEAM = 7NWLJ33LJ5;
				INFOPLIST_FILE = OakUITests/Info.plist;
				LD_RUNPATH_SEARCH_PATHS = (
					"$(inherited)",
					"@executable_path/Frameworks",
					"@loader_path/Frameworks",
				);
				PRODUCT_BUNDLE_IDENTIFIER = sh.catch.OakUITests;
				PRODUCT_NAME = "$(TARGET_NAME)";
				SWIFT_VERSION = 5.0;
				TARGETED_DEVICE_FAMILY = "1,2";
				TEST_TARGET_NAME = Oak;
			};
			name = Debug;
		};
		FA42C6A425C63C9D000D597E /* Release */ = {
			isa = XCBuildConfiguration;
			buildSettings = {
				ALWAYS_EMBED_SWIFT_STANDARD_LIBRARIES = YES;
				CODE_SIGN_STYLE = Automatic;
				DEVELOPMENT_TEAM = 7NWLJ33LJ5;
				INFOPLIST_FILE = OakUITests/Info.plist;
				LD_RUNPATH_SEARCH_PATHS = (
					"$(inherited)",
					"@executable_path/Frameworks",
					"@loader_path/Frameworks",
				);
				PRODUCT_BUNDLE_IDENTIFIER = sh.catch.OakUITests;
				PRODUCT_NAME = "$(TARGET_NAME)";
				SWIFT_VERSION = 5.0;
				TARGETED_DEVICE_FAMILY = "1,2";
				TEST_TARGET_NAME = Oak;
			};
			name = Release;
		};
/* End XCBuildConfiguration section */

/* Begin XCConfigurationList section */
		FA42C66D25C63C9C000D597E /* Build configuration list for PBXProject "Oak" */ = {
			isa = XCConfigurationList;
			buildConfigurations = (
				FA42C69A25C63C9D000D597E /* Debug */,
				FA42C69B25C63C9D000D597E /* Release */,
			);
			defaultConfigurationIsVisible = 0;
			defaultConfigurationName = Release;
		};
		FA42C69C25C63C9D000D597E /* Build configuration list for PBXNativeTarget "Oak" */ = {
			isa = XCConfigurationList;
			buildConfigurations = (
				FA42C69D25C63C9D000D597E /* Debug */,
				FA42C69E25C63C9D000D597E /* Release */,
			);
			defaultConfigurationIsVisible = 0;
			defaultConfigurationName = Release;
		};
		FA42C69F25C63C9D000D597E /* Build configuration list for PBXNativeTarget "OakTests" */ = {
			isa = XCConfigurationList;
			buildConfigurations = (
				FA42C6A025C63C9D000D597E /* Debug */,
				FA42C6A125C63C9D000D597E /* Release */,
			);
			defaultConfigurationIsVisible = 0;
			defaultConfigurationName = Release;
		};
		FA42C6A225C63C9D000D597E /* Build configuration list for PBXNativeTarget "OakUITests" */ = {
			isa = XCConfigurationList;
			buildConfigurations = (
				FA42C6A325C63C9D000D597E /* Debug */,
				FA42C6A425C63C9D000D597E /* Release */,
			);
			defaultConfigurationIsVisible = 0;
			defaultConfigurationName = Release;
		};
/* End XCConfigurationList section */

/* Begin XCRemoteSwiftPackageReference section */
		FA03411525C9C640004752F3 /* XCRemoteSwiftPackageReference "Resolver" */ = {
			isa = XCRemoteSwiftPackageReference;
			repositoryURL = "https://github.com/hmlongco/Resolver.git";
			requirement = {
				kind = upToNextMajorVersion;
				minimumVersion = 1.4.0;
			};
		};
		FA42C79F25C78076000D597E /* XCRemoteSwiftPackageReference "keychain-swift" */ = {
			isa = XCRemoteSwiftPackageReference;
			repositoryURL = "https://github.com/evgenyneu/keychain-swift.git";
			requirement = {
				kind = upToNextMajorVersion;
				minimumVersion = 19.0.0;
			};
		};
		FA87C00325C87EFD009C7FF7 /* XCRemoteSwiftPackageReference "SwiftOTP" */ = {
			isa = XCRemoteSwiftPackageReference;
			repositoryURL = "https://github.com/lachlanbell/SwiftOTP.git";
			requirement = {
				kind = upToNextMajorVersion;
				minimumVersion = 2.0.3;
			};
		};
		FA87C00925C88446009C7FF7 /* XCRemoteSwiftPackageReference "CodeScanner" */ = {
			isa = XCRemoteSwiftPackageReference;
			repositoryURL = "https://github.com/twostraws/CodeScanner.git";
			requirement = {
				kind = upToNextMajorVersion;
				minimumVersion = 1.0.7;
			};
		};
/* End XCRemoteSwiftPackageReference section */

/* Begin XCSwiftPackageProductDependency section */
		FA03411625C9C640004752F3 /* Resolver */ = {
			isa = XCSwiftPackageProductDependency;
			package = FA03411525C9C640004752F3 /* XCRemoteSwiftPackageReference "Resolver" */;
			productName = Resolver;
		};
		FA42C7A025C78076000D597E /* KeychainSwift */ = {
			isa = XCSwiftPackageProductDependency;
			package = FA42C79F25C78076000D597E /* XCRemoteSwiftPackageReference "keychain-swift" */;
			productName = KeychainSwift;
		};
		FA87C00425C87EFD009C7FF7 /* SwiftOTP */ = {
			isa = XCSwiftPackageProductDependency;
			package = FA87C00325C87EFD009C7FF7 /* XCRemoteSwiftPackageReference "SwiftOTP" */;
			productName = SwiftOTP;
		};
		FA87C00A25C88446009C7FF7 /* CodeScanner */ = {
			isa = XCSwiftPackageProductDependency;
			package = FA87C00925C88446009C7FF7 /* XCRemoteSwiftPackageReference "CodeScanner" */;
			productName = CodeScanner;
		};
/* End XCSwiftPackageProductDependency section */

/* Begin XCVersionGroup section */
		095A2BB825D5BAE00030C585 /* Oak.xcdatamodeld */ = {
			isa = XCVersionGroup;
			children = (
				095A2BB925D5BAE00030C585 /* Oak.xcdatamodel */,
			);
			currentVersion = 095A2BB925D5BAE00030C585 /* Oak.xcdatamodel */;
			path = Oak.xcdatamodeld;
			sourceTree = "<group>";
			versionGroupType = wrapper.xcdatamodel;
		};
/* End XCVersionGroup section */
	};
	rootObject = FA42C66A25C63C9C000D597E /* Project object */;
}
